
Microsoft Visual Studio Solution File, Format Version 12.00
# Visual Studio Version 17
VisualStudioVersion = 17.14.36518.9
MinimumVisualStudioVersion = 10.0.40219.1
Project("{FAE04EC0-301F-11D3-BF4B-00C04F79EFBC}") = "tp-promoweb-equipo-14A", "tp-promoweb-equipo-14A.csproj", "{4F01BE1E-4C0C-4393-92E6-D7EB2393DCCF}"
EndProject
Project("{FAE04EC0-301F-11D3-BF4B-00C04F79EFBC}") = "Dominio", "..\Dominio\Dominio.csproj", "{BBFBDA16-59B5-4494-A892-2D91399624D7}"
EndProject
Project("{FAE04EC0-301F-11D3-BF4B-00C04F79EFBC}") = "Negocio", "..\Negocio\Negocio.csproj", "{5DB3E371-38DC-4DFA-B853-1C3B2DA85F48}"
EndProject
Global
	GlobalSection(SolutionConfigurationPlatforms) = preSolution
		Debug|Any CPU = Debug|Any CPU
		Release|Any CPU = Release|Any CPU
	EndGlobalSection
	GlobalSection(ProjectConfigurationPlatforms) = postSolution
		{4F01BE1E-4C0C-4393-92E6-D7EB2393DCCF}.Debug|Any CPU.ActiveCfg = Debug|Any CPU
		{4F01BE1E-4C0C-4393-92E6-D7EB2393DCCF}.Debug|Any CPU.Build.0 = Debug|Any CPU
		{4F01BE1E-4C0C-4393-92E6-D7EB2393DCCF}.Release|Any CPU.ActiveCfg = Release|Any CPU
		{4F01BE1E-4C0C-4393-92E6-D7EB2393DCCF}.Release|Any CPU.Build.0 = Release|Any CPU
		{BBFBDA16-59B5-4494-A892-2D91399624D7}.Debug|Any CPU.ActiveCfg = Debug|Any CPU
		{BBFBDA16-59B5-4494-A892-2D91399624D7}.Debug|Any CPU.Build.0 = Debug|Any CPU
		{BBFBDA16-59B5-4494-A892-2D91399624D7}.Release|Any CPU.ActiveCfg = Release|Any CPU
		{BBFBDA16-59B5-4494-A892-2D91399624D7}.Release|Any CPU.Build.0 = Release|Any CPU
		{5DB3E371-38DC-4DFA-B853-1C3B2DA85F48}.Debug|Any CPU.ActiveCfg = Debug|Any CPU
		{5DB3E371-38DC-4DFA-B853-1C3B2DA85F48}.Debug|Any CPU.Build.0 = Debug|Any CPU
		{5DB3E371-38DC-4DFA-B853-1C3B2DA85F48}.Release|Any CPU.ActiveCfg = Release|Any CPU
		{5DB3E371-38DC-4DFA-B853-1C3B2DA85F48}.Release|Any CPU.Build.0 = Release|Any CPU
	EndGlobalSection
	GlobalSection(SolutionProperties) = preSolution
		HideSolutionNode = FALSE
	EndGlobalSection
	GlobalSection(ExtensibilityGlobals) = postSolution
		SolutionGuid = {54102448-08ED-48C2-9E25-738AB8638BC2}
	EndGlobalSection
EndGlobal
